
Microsoft Visual Studio Solution File, Format Version 12.00
# Visual Studio Version 17
VisualStudioVersion = 17.5.33414.496
MinimumVisualStudioVersion = 10.0.40219.1
Project("{9A19103F-16F7-4668-BE54-9A1E7A4F7556}") = "EjercicioI03", "EjercicioI03.csproj", "{1A078E0E-3AEB-4CC8-8123-C0C78BBF3F83}"
EndProject
Project("{9A19103F-16F7-4668-BE54-9A1E7A4F7556}") = "Ejercicio I01", "..\Ejercicio I01\Ejercicio I01.csproj", "{EA6CA7A9-66E7-420E-AEDB-465F0A9A5498}"
EndProject
Project("{9A19103F-16F7-4668-BE54-9A1E7A4F7556}") = "Ejercicio-02", "..\Ejercicio-02\Ejercicio-02.csproj", "{F8479C3B-59D9-47BB-A252-E9B01F8F81AD}"
EndProject
Project("{9A19103F-16F7-4668-BE54-9A1E7A4F7556}") = "Ejercicio-03", "..\Ejercicio-03\Ejercicio-03.csproj", "{756AE8BB-C213-4CFC-A41D-CA4507D7A3E2}"
EndProject
Project("{9A19103F-16F7-4668-BE54-9A1E7A4F7556}") = "Ejercicio-04", "..\Ejercicio-04\Ejercicio-04.csproj", "{3D8AE03A-7FB5-442A-8B62-1780EA26F576}"
EndProject
Project("{9A19103F-16F7-4668-BE54-9A1E7A4F7556}") = "Ejercicio-05", "..\Ejercicio-05\Ejercicio-05.csproj", "{03257E8F-BCDA-44BA-9DAC-7EC7D6A6B0B3}"
EndProject
Project("{9A19103F-16F7-4668-BE54-9A1E7A4F7556}") = "Ejercicio-06", "..\Ejercicio-06\Ejercicio-06.csproj", "{30EEF807-97FD-4B0C-8B3B-8D0D641004AD}"
EndProject
Project("{9A19103F-16F7-4668-BE54-9A1E7A4F7556}") = "Ejercicio-07", "..\Ejercicio-07\Ejercicio-07.csproj", "{BBB0BB9D-864A-4B54-91F7-038F989C0A0B}"
EndProject
Project("{9A19103F-16F7-4668-BE54-9A1E7A4F7556}") = "Clase-03", "..\Clase-03\Clase-03.csproj", "{C90E2FC8-8779-463E-A2AF-7E16D94EA3CD}"
EndProject
Project("{9A19103F-16F7-4668-BE54-9A1E7A4F7556}") = "POO_E01", "..\POO_E01\POO_E01.csproj", "{D561FC83-A7FF-4FB9-AA4A-6491220B63D0}"
EndProject
Project("{9A19103F-16F7-4668-BE54-9A1E7A4F7556}") = "POO_E02", "..\POO_E02\POO_E02.csproj", "{52BBA1D0-B61A-4C99-839B-999420B38D99}"
EndProject
Project("{9A19103F-16F7-4668-BE54-9A1E7A4F7556}") = "POO_Ejercicio-03", "..\POO_Ejercicio-03\POO_Ejercicio-03.csproj", "{705D984D-D6EA-42EA-A990-64F4A4C69948}"
EndProject
Project("{9A19103F-16F7-4668-BE54-9A1E7A4F7556}") = "POO_Ejercicio-04", "..\POO_Ejercicio-04\POO_Ejercicio-04.csproj", "{6932476F-11B1-462A-B0E4-C08FBC093ABF}"
EndProject
Project("{9A19103F-16F7-4668-BE54-9A1E7A4F7556}") = "POO_Ejercicio-05", "..\POO_Ejercicio-05\POO_Ejercicio-05.csproj", "{A4B8964F-E0F4-4D9D-BF21-F5CB148A0F64}"
EndProject
Project("{9A19103F-16F7-4668-BE54-9A1E7A4F7556}") = "POO_EjercicioA01", "..\POO_Ejercicio06\POO_EjercicioA01.csproj", "{2E0D0F9F-1B3E-4253-8798-01EDF998E2CF}"
EndProject
Project("{FAE04EC0-301F-11D3-BF4B-00C04F79EFBC}") = "Billetes", "..\Class_Billetes\Billetes.csproj", "{6D030BBF-5DA9-455A-BE5E-29B2B69E3F3D}"
EndProject
Project("{FAE04EC0-301F-11D3-BF4B-00C04F79EFBC}") = "SOB_IE02", "..\SOB_IE02\SOB_IE02.csproj", "{0B2D88F8-E9C1-4F92-B822-B1610FA48766}"
EndProject
Global
	GlobalSection(SolutionConfigurationPlatforms) = preSolution
		Debug|Any CPU = Debug|Any CPU
		Release|Any CPU = Release|Any CPU
	EndGlobalSection
	GlobalSection(ProjectConfigurationPlatforms) = postSolution
		{1A078E0E-3AEB-4CC8-8123-C0C78BBF3F83}.Debug|Any CPU.ActiveCfg = Debug|Any CPU
		{1A078E0E-3AEB-4CC8-8123-C0C78BBF3F83}.Debug|Any CPU.Build.0 = Debug|Any CPU
		{1A078E0E-3AEB-4CC8-8123-C0C78BBF3F83}.Release|Any CPU.ActiveCfg = Release|Any CPU
		{1A078E0E-3AEB-4CC8-8123-C0C78BBF3F83}.Release|Any CPU.Build.0 = Release|Any CPU
		{EA6CA7A9-66E7-420E-AEDB-465F0A9A5498}.Debug|Any CPU.ActiveCfg = Debug|Any CPU
		{EA6CA7A9-66E7-420E-AEDB-465F0A9A5498}.Debug|Any CPU.Build.0 = Debug|Any CPU
		{EA6CA7A9-66E7-420E-AEDB-465F0A9A5498}.Release|Any CPU.ActiveCfg = Release|Any CPU
		{EA6CA7A9-66E7-420E-AEDB-465F0A9A5498}.Release|Any CPU.Build.0 = Release|Any CPU
		{F8479C3B-59D9-47BB-A252-E9B01F8F81AD}.Debug|Any CPU.ActiveCfg = Debug|Any CPU
		{F8479C3B-59D9-47BB-A252-E9B01F8F81AD}.Debug|Any CPU.Build.0 = Debug|Any CPU
		{F8479C3B-59D9-47BB-A252-E9B01F8F81AD}.Release|Any CPU.ActiveCfg = Release|Any CPU
		{F8479C3B-59D9-47BB-A252-E9B01F8F81AD}.Release|Any CPU.Build.0 = Release|Any CPU
		{756AE8BB-C213-4CFC-A41D-CA4507D7A3E2}.Debug|Any CPU.ActiveCfg = Debug|Any CPU
		{756AE8BB-C213-4CFC-A41D-CA4507D7A3E2}.Debug|Any CPU.Build.0 = Debug|Any CPU
		{756AE8BB-C213-4CFC-A41D-CA4507D7A3E2}.Release|Any CPU.ActiveCfg = Release|Any CPU
		{756AE8BB-C213-4CFC-A41D-CA4507D7A3E2}.Release|Any CPU.Build.0 = Release|Any CPU
		{3D8AE03A-7FB5-442A-8B62-1780EA26F576}.Debug|Any CPU.ActiveCfg = Debug|Any CPU
		{3D8AE03A-7FB5-442A-8B62-1780EA26F576}.Debug|Any CPU.Build.0 = Debug|Any CPU
		{3D8AE03A-7FB5-442A-8B62-1780EA26F576}.Release|Any CPU.ActiveCfg = Release|Any CPU
		{3D8AE03A-7FB5-442A-8B62-1780EA26F576}.Release|Any CPU.Build.0 = Release|Any CPU
		{03257E8F-BCDA-44BA-9DAC-7EC7D6A6B0B3}.Debug|Any CPU.ActiveCfg = Debug|Any CPU
		{03257E8F-BCDA-44BA-9DAC-7EC7D6A6B0B3}.Debug|Any CPU.Build.0 = Debug|Any CPU
		{03257E8F-BCDA-44BA-9DAC-7EC7D6A6B0B3}.Release|Any CPU.ActiveCfg = Release|Any CPU
		{03257E8F-BCDA-44BA-9DAC-7EC7D6A6B0B3}.Release|Any CPU.Build.0 = Release|Any CPU
		{30EEF807-97FD-4B0C-8B3B-8D0D641004AD}.Debug|Any CPU.ActiveCfg = Debug|Any CPU
		{30EEF807-97FD-4B0C-8B3B-8D0D641004AD}.Debug|Any CPU.Build.0 = Debug|Any CPU
		{30EEF807-97FD-4B0C-8B3B-8D0D641004AD}.Release|Any CPU.ActiveCfg = Release|Any CPU
		{30EEF807-97FD-4B0C-8B3B-8D0D641004AD}.Release|Any CPU.Build.0 = Release|Any CPU
		{BBB0BB9D-864A-4B54-91F7-038F989C0A0B}.Debug|Any CPU.ActiveCfg = Debug|Any CPU
		{BBB0BB9D-864A-4B54-91F7-038F989C0A0B}.Debug|Any CPU.Build.0 = Debug|Any CPU
		{BBB0BB9D-864A-4B54-91F7-038F989C0A0B}.Release|Any CPU.ActiveCfg = Release|Any CPU
		{BBB0BB9D-864A-4B54-91F7-038F989C0A0B}.Release|Any CPU.Build.0 = Release|Any CPU
		{C90E2FC8-8779-463E-A2AF-7E16D94EA3CD}.Debug|Any CPU.ActiveCfg = Debug|Any CPU
		{C90E2FC8-8779-463E-A2AF-7E16D94EA3CD}.Debug|Any CPU.Build.0 = Debug|Any CPU
		{C90E2FC8-8779-463E-A2AF-7E16D94EA3CD}.Release|Any CPU.ActiveCfg = Release|Any CPU
		{C90E2FC8-8779-463E-A2AF-7E16D94EA3CD}.Release|Any CPU.Build.0 = Release|Any CPU
		{D561FC83-A7FF-4FB9-AA4A-6491220B63D0}.Debug|Any CPU.ActiveCfg = Debug|Any CPU
		{D561FC83-A7FF-4FB9-AA4A-6491220B63D0}.Debug|Any CPU.Build.0 = Debug|Any CPU
		{D561FC83-A7FF-4FB9-AA4A-6491220B63D0}.Release|Any CPU.ActiveCfg = Release|Any CPU
		{D561FC83-A7FF-4FB9-AA4A-6491220B63D0}.Release|Any CPU.Build.0 = Release|Any CPU
		{52BBA1D0-B61A-4C99-839B-999420B38D99}.Debug|Any CPU.ActiveCfg = Debug|Any CPU
		{52BBA1D0-B61A-4C99-839B-999420B38D99}.Debug|Any CPU.Build.0 = Debug|Any CPU
		{52BBA1D0-B61A-4C99-839B-999420B38D99}.Release|Any CPU.ActiveCfg = Release|Any CPU
		{52BBA1D0-B61A-4C99-839B-999420B38D99}.Release|Any CPU.Build.0 = Release|Any CPU
		{705D984D-D6EA-42EA-A990-64F4A4C69948}.Debug|Any CPU.ActiveCfg = Debug|Any CPU
		{705D984D-D6EA-42EA-A990-64F4A4C69948}.Debug|Any CPU.Build.0 = Debug|Any CPU
		{705D984D-D6EA-42EA-A990-64F4A4C69948}.Release|Any CPU.ActiveCfg = Release|Any CPU
		{705D984D-D6EA-42EA-A990-64F4A4C69948}.Release|Any CPU.Build.0 = Release|Any CPU
		{6932476F-11B1-462A-B0E4-C08FBC093ABF}.Debug|Any CPU.ActiveCfg = Debug|Any CPU
		{6932476F-11B1-462A-B0E4-C08FBC093ABF}.Debug|Any CPU.Build.0 = Debug|Any CPU
		{6932476F-11B1-462A-B0E4-C08FBC093ABF}.Release|Any CPU.ActiveCfg = Release|Any CPU
		{6932476F-11B1-462A-B0E4-C08FBC093ABF}.Release|Any CPU.Build.0 = Release|Any CPU
		{A4B8964F-E0F4-4D9D-BF21-F5CB148A0F64}.Debug|Any CPU.ActiveCfg = Debug|Any CPU
		{A4B8964F-E0F4-4D9D-BF21-F5CB148A0F64}.Debug|Any CPU.Build.0 = Debug|Any CPU
		{A4B8964F-E0F4-4D9D-BF21-F5CB148A0F64}.Release|Any CPU.ActiveCfg = Release|Any CPU
		{A4B8964F-E0F4-4D9D-BF21-F5CB148A0F64}.Release|Any CPU.Build.0 = Release|Any CPU
		{2E0D0F9F-1B3E-4253-8798-01EDF998E2CF}.Debug|Any CPU.ActiveCfg = Debug|Any CPU
		{2E0D0F9F-1B3E-4253-8798-01EDF998E2CF}.Debug|Any CPU.Build.0 = Debug|Any CPU
		{2E0D0F9F-1B3E-4253-8798-01EDF998E2CF}.Release|Any CPU.ActiveCfg = Release|Any CPU
		{2E0D0F9F-1B3E-4253-8798-01EDF998E2CF}.Release|Any CPU.Build.0 = Release|Any CPU
		{6D030BBF-5DA9-455A-BE5E-29B2B69E3F3D}.Debug|Any CPU.ActiveCfg = Debug|Any CPU
		{6D030BBF-5DA9-455A-BE5E-29B2B69E3F3D}.Debug|Any CPU.Build.0 = Debug|Any CPU
		{6D030BBF-5DA9-455A-BE5E-29B2B69E3F3D}.Release|Any CPU.ActiveCfg = Release|Any CPU
		{6D030BBF-5DA9-455A-BE5E-29B2B69E3F3D}.Release|Any CPU.Build.0 = Release|Any CPU
		{0B2D88F8-E9C1-4F92-B822-B1610FA48766}.Debug|Any CPU.ActiveCfg = Debug|Any CPU
		{0B2D88F8-E9C1-4F92-B822-B1610FA48766}.Debug|Any CPU.Build.0 = Debug|Any CPU
		{0B2D88F8-E9C1-4F92-B822-B1610FA48766}.Release|Any CPU.ActiveCfg = Release|Any CPU
		{0B2D88F8-E9C1-4F92-B822-B1610FA48766}.Release|Any CPU.Build.0 = Release|Any CPU
	EndGlobalSection
	GlobalSection(SolutionProperties) = preSolution
		HideSolutionNode = FALSE
	EndGlobalSection
	GlobalSection(ExtensibilityGlobals) = postSolution
		SolutionGuid = {337AE559-3562-40DF-B3B0-0C8B6A3A9371}
	EndGlobalSection
EndGlobal
